
Microsoft Visual Studio Solution File, Format Version 12.00
# Visual Studio Version 17
VisualStudioVersion = 17.10.34825.169
MinimumVisualStudioVersion = 10.0.40219.1
Project("{FAE04EC0-301F-11D3-BF4B-00C04F79EFBC}") = "SLHDotNetCore.GraphqlExample", "SLHDotNetCore.GraphqlExample\SLHDotNetCore.GraphqlExample.csproj", "{F5463C38-2457-41A5-87C2-19BD6EAD8DA5}"
EndProject
Global
	GlobalSection(SolutionConfigurationPlatforms) = preSolution
		Debug|Any CPU = Debug|Any CPU
		Release|Any CPU = Release|Any CPU
	EndGlobalSection
	GlobalSection(ProjectConfigurationPlatforms) = postSolution
		{F5463C38-2457-41A5-87C2-19BD6EAD8DA5}.Debug|Any CPU.ActiveCfg = Debug|Any CPU
		{F5463C38-2457-41A5-87C2-19BD6EAD8DA5}.Debug|Any CPU.Build.0 = Debug|Any CPU
		{F5463C38-2457-41A5-87C2-19BD6EAD8DA5}.Release|Any CPU.ActiveCfg = Release|Any CPU
		{F5463C38-2457-41A5-87C2-19BD6EAD8DA5}.Release|Any CPU.Build.0 = Release|Any CPU
	EndGlobalSection
	GlobalSection(SolutionProperties) = preSolution
		HideSolutionNode = FALSE
	EndGlobalSection
	GlobalSection(ExtensibilityGlobals) = postSolution
		SolutionGuid = {BDBF51F2-55B7-4A24-A922-99E90EB56E48}
	EndGlobalSection
EndGlobal
